
Microsoft Visual Studio Solution File, Format Version 12.00
# Visual Studio 2012
Project("{FAE04EC0-301F-11D3-BF4B-00C04F79EFBC}") = "Restaurant_Form", "Restaurant_Form\Restaurant_Form.csproj", "{2C255789-CC55-4D03-82B1-A60FE08A6319}"
EndProject
Global
	GlobalSection(SolutionConfigurationPlatforms) = preSolution
		Debug|Any CPU = Debug|Any CPU
		Release|Any CPU = Release|Any CPU
	EndGlobalSection
	GlobalSection(ProjectConfigurationPlatforms) = postSolution
		{2C255789-CC55-4D03-82B1-A60FE08A6319}.Debug|Any CPU.ActiveCfg = Debug|Any CPU
		{2C255789-CC55-4D03-82B1-A60FE08A6319}.Debug|Any CPU.Build.0 = Debug|Any CPU
		{2C255789-CC55-4D03-82B1-A60FE08A6319}.Release|Any CPU.ActiveCfg = Release|Any CPU
		{2C255789-CC55-4D03-82B1-A60FE08A6319}.Release|Any CPU.Build.0 = Release|Any CPU
	EndGlobalSection
	GlobalSection(SolutionProperties) = preSolution
		HideSolutionNode = FALSE
	EndGlobalSection
EndGlobal
